// !$*UTF8*$!
{
	archiveVersion = 1;
	classes = {
	};
	objectVersion = 56;
	objects = {

/* Begin PBXBuildFile section */
		7D5D348A2A54571200737B50 /* TaxCalculatorApp.swift in Sources */ = {isa = PBXBuildFile; fileRef = 7D5D34892A54571200737B50 /* TaxCalculatorApp.swift */; };
		7D5D348E2A54571300737B50 /* Assets.xcassets in Resources */ = {isa = PBXBuildFile; fileRef = 7D5D348D2A54571300737B50 /* Assets.xcassets */; };
		7D5D34912A54571300737B50 /* Preview Assets.xcassets in Resources */ = {isa = PBXBuildFile; fileRef = 7D5D34902A54571300737B50 /* Preview Assets.xcassets */; };
		7D5D34982A5457B300737B50 /* Extensions.swift in Sources */ = {isa = PBXBuildFile; fileRef = 7D5D34972A5457B300737B50 /* Extensions.swift */; };
		7D5D349A2A56CDAB00737B50 /* PercentButtonView.swift in Sources */ = {isa = PBXBuildFile; fileRef = 7D5D34992A56CDAB00737B50 /* PercentButtonView.swift */; };
		7D5D34A02A56F46B00737B50 /* PercentTextFieldView.swift in Sources */ = {isa = PBXBuildFile; fileRef = 7D5D349F2A56F46B00737B50 /* PercentTextFieldView.swift */; };
		7D5D34A22A57235300737B50 /* Home.swift in Sources */ = {isa = PBXBuildFile; fileRef = 7D5D34A12A57235300737B50 /* Home.swift */; };
		7D7D0ADA2A580C7800EC48BB /* KDVHaricHesapView.swift in Sources */ = {isa = PBXBuildFile; fileRef = 7D7D0AD92A580C7800EC48BB /* KDVHaricHesapView.swift */; };
		7D7D0ADE2A581A3B00EC48BB /* KDVDahilHesapView.swift in Sources */ = {isa = PBXBuildFile; fileRef = 7D7D0ADD2A581A3B00EC48BB /* KDVDahilHesapView.swift */; };
/* End PBXBuildFile section */

/* Begin PBXFileReference section */
		7D5D34862A54571200737B50 /* TaxCalculator.app */ = {isa = PBXFileReference; explicitFileType = wrapper.application; includeInIndex = 0; path = TaxCalculator.app; sourceTree = BUILT_PRODUCTS_DIR; };
		7D5D34892A54571200737B50 /* TaxCalculatorApp.swift */ = {isa = PBXFileReference; lastKnownFileType = sourcecode.swift; path = TaxCalculatorApp.swift; sourceTree = "<group>"; };
		7D5D348D2A54571300737B50 /* Assets.xcassets */ = {isa = PBXFileReference; lastKnownFileType = folder.assetcatalog; path = Assets.xcassets; sourceTree = "<group>"; };
		7D5D34902A54571300737B50 /* Preview Assets.xcassets */ = {isa = PBXFileReference; lastKnownFileType = folder.assetcatalog; path = "Preview Assets.xcassets"; sourceTree = "<group>"; };
		7D5D34972A5457B300737B50 /* Extensions.swift */ = {isa = PBXFileReference; lastKnownFileType = sourcecode.swift; path = Extensions.swift; sourceTree = "<group>"; };
		7D5D34992A56CDAB00737B50 /* PercentButtonView.swift */ = {isa = PBXFileReference; lastKnownFileType = sourcecode.swift; path = PercentButtonView.swift; sourceTree = "<group>"; };
		7D5D349F2A56F46B00737B50 /* PercentTextFieldView.swift */ = {isa = PBXFileReference; fileEncoding = 4; lastKnownFileType = sourcecode.swift; path = PercentTextFieldView.swift; sourceTree = "<group>"; };
		7D5D34A12A57235300737B50 /* Home.swift */ = {isa = PBXFileReference; lastKnownFileType = sourcecode.swift; path = Home.swift; sourceTree = "<group>"; };
		7D7D0AD92A580C7800EC48BB /* KDVHaricHesapView.swift */ = {isa = PBXFileReference; lastKnownFileType = sourcecode.swift; path = KDVHaricHesapView.swift; sourceTree = "<group>"; };
		7D7D0ADD2A581A3B00EC48BB /* KDVDahilHesapView.swift */ = {isa = PBXFileReference; lastKnownFileType = sourcecode.swift; path = KDVDahilHesapView.swift; sourceTree = "<group>"; };
/* End PBXFileReference section */

/* Begin PBXFrameworksBuildPhase section */
		7D5D34832A54571200737B50 /* Frameworks */ = {
			isa = PBXFrameworksBuildPhase;
			buildActionMask = 2147483647;
			files = (
			);
			runOnlyForDeploymentPostprocessing = 0;
		};
/* End PBXFrameworksBuildPhase section */

/* Begin PBXGroup section */
		7D5D347D2A54571200737B50 = {
			isa = PBXGroup;
			children = (
				7D5D34882A54571200737B50 /* TaxCalculator */,
				7D5D34872A54571200737B50 /* Products */,
			);
			sourceTree = "<group>";
		};
		7D5D34872A54571200737B50 /* Products */ = {
			isa = PBXGroup;
			children = (
				7D5D34862A54571200737B50 /* TaxCalculator.app */,
			);
			name = Products;
			sourceTree = "<group>";
		};
		7D5D34882A54571200737B50 /* TaxCalculator */ = {
			isa = PBXGroup;
			children = (
				7D7D0ADC2A580C9B00EC48BB /* Views */,
				7D7D0ADB2A580C8A00EC48BB /* Items */,
				7D5D34892A54571200737B50 /* TaxCalculatorApp.swift */,
				7D5D34972A5457B300737B50 /* Extensions.swift */,
				7D5D348D2A54571300737B50 /* Assets.xcassets */,
				7D5D348F2A54571300737B50 /* Preview Content */,
			);
			path = TaxCalculator;
			sourceTree = "<group>";
		};
		7D5D348F2A54571300737B50 /* Preview Content */ = {
			isa = PBXGroup;
			children = (
				7D5D34902A54571300737B50 /* Preview Assets.xcassets */,
			);
			path = "Preview Content";
			sourceTree = "<group>";
		};
		7D7D0ADB2A580C8A00EC48BB /* Items */ = {
			isa = PBXGroup;
			children = (
				7D5D34992A56CDAB00737B50 /* PercentButtonView.swift */,
				7D5D349F2A56F46B00737B50 /* PercentTextFieldView.swift */,
			);
			path = Items;
			sourceTree = "<group>";
		};
		7D7D0ADC2A580C9B00EC48BB /* Views */ = {
			isa = PBXGroup;
			children = (
				7D5D34A12A57235300737B50 /* Home.swift */,
				7D7D0AD92A580C7800EC48BB /* KDVHaricHesapView.swift */,
				7D7D0ADD2A581A3B00EC48BB /* KDVDahilHesapView.swift */,
			);
			path = Views;
			sourceTree = "<group>";
		};
/* End PBXGroup section */

/* Begin PBXNativeTarget section */
		7D5D34852A54571200737B50 /* TaxCalculator */ = {
			isa = PBXNativeTarget;
			buildConfigurationList = 7D5D34942A54571300737B50 /* Build configuration list for PBXNativeTarget "TaxCalculator" */;
			buildPhases = (
				7D5D34822A54571200737B50 /* Sources */,
				7D5D34832A54571200737B50 /* Frameworks */,
				7D5D34842A54571200737B50 /* Resources */,
			);
			buildRules = (
			);
			dependencies = (
			);
			name = TaxCalculator;
			productName = TaxCalculator;
			productReference = 7D5D34862A54571200737B50 /* TaxCalculator.app */;
			productType = "com.apple.product-type.application";
		};
/* End PBXNativeTarget section */

/* Begin PBXProject section */
		7D5D347E2A54571200737B50 /* Project object */ = {
			isa = PBXProject;
			attributes = {
				BuildIndependentTargetsInParallel = 1;
				LastSwiftUpdateCheck = 1430;
				LastUpgradeCheck = 1430;
				TargetAttributes = {
					7D5D34852A54571200737B50 = {
						CreatedOnToolsVersion = 14.3.1;
					};
				};
			};
			buildConfigurationList = 7D5D34812A54571200737B50 /* Build configuration list for PBXProject "TaxCalculator" */;
			compatibilityVersion = "Xcode 14.0";
			developmentRegion = en;
			hasScannedForEncodings = 0;
			knownRegions = (
				en,
				Base,
			);
			mainGroup = 7D5D347D2A54571200737B50;
			productRefGroup = 7D5D34872A54571200737B50 /* Products */;
			projectDirPath = "";
			projectRoot = "";
			targets = (
				7D5D34852A54571200737B50 /* TaxCalculator */,
			);
		};
/* End PBXProject section */

/* Begin PBXResourcesBuildPhase section */
		7D5D34842A54571200737B50 /* Resources */ = {
			isa = PBXResourcesBuildPhase;
			buildActionMask = 2147483647;
			files = (
				7D5D34912A54571300737B50 /* Preview Assets.xcassets in Resources */,
				7D5D348E2A54571300737B50 /* Assets.xcassets in Resources */,
			);
			runOnlyForDeploymentPostprocessing = 0;
		};
/* End PBXResourcesBuildPhase section */

/* Begin PBXSourcesBuildPhase section */
		7D5D34822A54571200737B50 /* Sources */ = {
			isa = PBXSourcesBuildPhase;
			buildActionMask = 2147483647;
			files = (
				7D7D0ADA2A580C7800EC48BB /* KDVHaricHesapView.swift in Sources */,
				7D5D34A02A56F46B00737B50 /* PercentTextFieldView.swift in Sources */,
				7D5D34982A5457B300737B50 /* Extensions.swift in Sources */,
				7D5D349A2A56CDAB00737B50 /* PercentButtonView.swift in Sources */,
				7D7D0ADE2A581A3B00EC48BB /* KDVDahilHesapView.swift in Sources */,
				7D5D34A22A57235300737B50 /* Home.swift in Sources */,
				7D5D348A2A54571200737B50 /* TaxCalculatorApp.swift in Sources */,
			);
			runOnlyForDeploymentPostprocessing = 0;
		};
/* End PBXSourcesBuildPhase section */

/* Begin XCBuildConfiguration section */
		7D5D34922A54571300737B50 /* Debug */ = {
			isa = XCBuildConfiguration;
			buildSettings = {
				ALWAYS_SEARCH_USER_PATHS = NO;
				CLANG_ANALYZER_NONNULL = YES;
				CLANG_ANALYZER_NUMBER_OBJECT_CONVERSION = YES_AGGRESSIVE;
				CLANG_CXX_LANGUAGE_STANDARD = "gnu++20";
				CLANG_ENABLE_MODULES = YES;
				CLANG_ENABLE_OBJC_ARC = YES;
				CLANG_ENABLE_OBJC_WEAK = YES;
				CLANG_WARN_BLOCK_CAPTURE_AUTORELEASING = YES;
				CLANG_WARN_BOOL_CONVERSION = YES;
				CLANG_WARN_COMMA = YES;
				CLANG_WARN_CONSTANT_CONVERSION = YES;
				CLANG_WARN_DEPRECATED_OBJC_IMPLEMENTATIONS = YES;
				CLANG_WARN_DIRECT_OBJC_ISA_USAGE = YES_ERROR;
				CLANG_WARN_DOCUMENTATION_COMMENTS = YES;
				CLANG_WARN_EMPTY_BODY = YES;
				CLANG_WARN_ENUM_CONVERSION = YES;
				CLANG_WARN_INFINITE_RECURSION = YES;
				CLANG_WARN_INT_CONVERSION = YES;
				CLANG_WARN_NON_LITERAL_NULL_CONVERSION = YES;
				CLANG_WARN_OBJC_IMPLICIT_RETAIN_SELF = YES;
				CLANG_WARN_OBJC_LITERAL_CONVERSION = YES;
				CLANG_WARN_OBJC_ROOT_CLASS = YES_ERROR;
				CLANG_WARN_QUOTED_INCLUDE_IN_FRAMEWORK_HEADER = YES;
				CLANG_WARN_RANGE_LOOP_ANALYSIS = YES;
				CLANG_WARN_STRICT_PROTOTYPES = YES;
				CLANG_WARN_SUSPICIOUS_MOVE = YES;
				CLANG_WARN_UNGUARDED_AVAILABILITY = YES_AGGRESSIVE;
				CLANG_WARN_UNREACHABLE_CODE = YES;
				CLANG_WARN__DUPLICATE_METHOD_MATCH = YES;
				COPY_PHASE_STRIP = NO;
				DEBUG_INFORMATION_FORMAT = dwarf;
				ENABLE_STRICT_OBJC_MSGSEND = YES;
				ENABLE_TESTABILITY = YES;
				GCC_C_LANGUAGE_STANDARD = gnu11;
				GCC_DYNAMIC_NO_PIC = NO;
				GCC_NO_COMMON_BLOCKS = YES;
				GCC_OPTIMIZATION_LEVEL = 0;
				GCC_PREPROCESSOR_DEFINITIONS = (
					"DEBUG=1",
					"$(inherited)",
				);
				GCC_WARN_64_TO_32_BIT_CONVERSION = YES;
				GCC_WARN_ABOUT_RETURN_TYPE = YES_ERROR;
				GCC_WARN_UNDECLARED_SELECTOR = YES;
				GCC_WARN_UNINITIALIZED_AUTOS = YES_AGGRESSIVE;
				GCC_WARN_UNUSED_FUNCTION = YES;
				GCC_WARN_UNUSED_VARIABLE = YES;
				IPHONEOS_DEPLOYMENT_TARGET = 16.4;
				MTL_ENABLE_DEBUG_INFO = INCLUDE_SOURCE;
				MTL_FAST_MATH = YES;
				ONLY_ACTIVE_ARCH = YES;
				SDKROOT = iphoneos;
				SWIFT_ACTIVE_COMPILATION_CONDITIONS = DEBUG;
				SWIFT_OPTIMIZATION_LEVEL = "-Onone";
			};
			name = Debug;
		};
		7D5D34932A54571300737B50 /* Release */ = {
			isa = XCBuildConfiguration;
			buildSettings = {
				ALWAYS_SEARCH_USER_PATHS = NO;
				CLANG_ANALYZER_NONNULL = YES;
				CLANG_ANALYZER_NUMBER_OBJECT_CONVERSION = YES_AGGRESSIVE;
				CLANG_CXX_LANGUAGE_STANDARD = "gnu++20";
				CLANG_ENABLE_MODULES = YES;
				CLANG_ENABLE_OBJC_ARC = YES;
				CLANG_ENABLE_OBJC_WEAK = YES;
				CLANG_WARN_BLOCK_CAPTURE_AUTORELEASING = YES;
				CLANG_WARN_BOOL_CONVERSION = YES;
				CLANG_WARN_COMMA = YES;
				CLANG_WARN_CONSTANT_CONVERSION = YES;
				CLANG_WARN_DEPRECATED_OBJC_IMPLEMENTATIONS = YES;
				CLANG_WARN_DIRECT_OBJC_ISA_USAGE = YES_ERROR;
				CLANG_WARN_DOCUMENTATION_COMMENTS = YES;
				CLANG_WARN_EMPTY_BODY = YES;
				CLANG_WARN_ENUM_CONVERSION = YES;
				CLANG_WARN_INFINITE_RECURSION = YES;
				CLANG_WARN_INT_CONVERSION = YES;
				CLANG_WARN_NON_LITERAL_NULL_CONVERSION = YES;
				CLANG_WARN_OBJC_IMPLICIT_RETAIN_SELF = YES;
				CLANG_WARN_OBJC_LITERAL_CONVERSION = YES;
				CLANG_WARN_OBJC_ROOT_CLASS = YES_ERROR;
				CLANG_WARN_QUOTED_INCLUDE_IN_FRAMEWORK_HEADER = YES;
				CLANG_WARN_RANGE_LOOP_ANALYSIS = YES;
				CLANG_WARN_STRICT_PROTOTYPES = YES;
				CLANG_WARN_SUSPICIOUS_MOVE = YES;
				CLANG_WARN_UNGUARDED_AVAILABILITY = YES_AGGRESSIVE;
				CLANG_WARN_UNREACHABLE_CODE = YES;
				CLANG_WARN__DUPLICATE_METHOD_MATCH = YES;
				COPY_PHASE_STRIP = NO;
				DEBUG_INFORMATION_FORMAT = "dwarf-with-dsym";
				ENABLE_NS_ASSERTIONS = NO;
				ENABLE_STRICT_OBJC_MSGSEND = YES;
				GCC_C_LANGUAGE_STANDARD = gnu11;
				GCC_NO_COMMON_BLOCKS = YES;
				GCC_WARN_64_TO_32_BIT_CONVERSION = YES;
				GCC_WARN_ABOUT_RETURN_TYPE = YES_ERROR;
				GCC_WARN_UNDECLARED_SELECTOR = YES;
				GCC_WARN_UNINITIALIZED_AUTOS = YES_AGGRESSIVE;
				GCC_WARN_UNUSED_FUNCTION = YES;
				GCC_WARN_UNUSED_VARIABLE = YES;
				IPHONEOS_DEPLOYMENT_TARGET = 16.4;
				MTL_ENABLE_DEBUG_INFO = NO;
				MTL_FAST_MATH = YES;
				SDKROOT = iphoneos;
				SWIFT_COMPILATION_MODE = wholemodule;
				SWIFT_OPTIMIZATION_LEVEL = "-O";
				VALIDATE_PRODUCT = YES;
			};
			name = Release;
		};
		7D5D34952A54571300737B50 /* Debug */ = {
			isa = XCBuildConfiguration;
			buildSettings = {
				ASSETCATALOG_COMPILER_APPICON_NAME = AppIcon;
				ASSETCATALOG_COMPILER_GLOBAL_ACCENT_COLOR_NAME = AccentColor;
				CODE_SIGN_STYLE = Automatic;
				CURRENT_PROJECT_VERSION = 1;
				DEVELOPMENT_ASSET_PATHS = "\"TaxCalculator/Preview Content\"";
				DEVELOPMENT_TEAM = F6DD9R57FP;
				ENABLE_PREVIEWS = YES;
				GENERATE_INFOPLIST_FILE = YES;
				INFOPLIST_KEY_UIApplicationSceneManifest_Generation = YES;
				INFOPLIST_KEY_UIApplicationSupportsIndirectInputEvents = YES;
				INFOPLIST_KEY_UILaunchScreen_Generation = YES;
				INFOPLIST_KEY_UISupportedInterfaceOrientations_iPad = "UIInterfaceOrientationPortrait UIInterfaceOrientationPortraitUpsideDown UIInterfaceOrientationLandscapeLeft UIInterfaceOrientationLandscapeRight";
				INFOPLIST_KEY_UISupportedInterfaceOrientations_iPhone = "UIInterfaceOrientationPortrait UIInterfaceOrientationLandscapeLeft UIInterfaceOrientationLandscapeRight";
				LD_RUNPATH_SEARCH_PATHS = (
					"$(inherited)",
					"@executable_path/Frameworks",
				);
				MARKETING_VERSION = 1.0;
				PRODUCT_BUNDLE_IDENTIFIER = com.atakankmrc.TaxCalculator;
				PRODUCT_NAME = "$(TARGET_NAME)";
				SWIFT_EMIT_LOC_STRINGS = YES;
				SWIFT_VERSION = 5.0;
				TARGETED_DEVICE_FAMILY = "1,2";
			};
			name = Debug;
		};
		7D5D34962A54571300737B50 /* Release */ = {
			isa = XCBuildConfiguration;
			buildSettings = {
				ASSETCATALOG_COMPILER_APPICON_NAME = AppIcon;
				ASSETCATALOG_COMPILER_GLOBAL_ACCENT_COLOR_NAME = AccentColor;
				CODE_SIGN_STYLE = Automatic;
				CURRENT_PROJECT_VERSION = 1;
				DEVELOPMENT_ASSET_PATHS = "\"TaxCalculator/Preview Content\"";
				DEVELOPMENT_TEAM = F6DD9R57FP;
				ENABLE_PREVIEWS = YES;
				GENERATE_INFOPLIST_FILE = YES;
				INFOPLIST_KEY_UIApplicationSceneManifest_Generation = YES;
				INFOPLIST_KEY_UIApplicationSupportsIndirectInputEvents = YES;
				INFOPLIST_KEY_UILaunchScreen_Generation = YES;
				INFOPLIST_KEY_UISupportedInterfaceOrientations_iPad = "UIInterfaceOrientationPortrait UIInterfaceOrientationPortraitUpsideDown UIInterfaceOrientationLandscapeLeft UIInterfaceOrientationLandscapeRight";
				INFOPLIST_KEY_UISupportedInterfaceOrientations_iPhone = "UIInterfaceOrientationPortrait UIInterfaceOrientationLandscapeLeft UIInterfaceOrientationLandscapeRight";
				LD_RUNPATH_SEARCH_PATHS = (
					"$(inherited)",
					"@executable_path/Frameworks",
				);
				MARKETING_VERSION = 1.0;
				PRODUCT_BUNDLE_IDENTIFIER = com.atakankmrc.TaxCalculator;
				PRODUCT_NAME = "$(TARGET_NAME)";
				SWIFT_EMIT_LOC_STRINGS = YES;
				SWIFT_VERSION = 5.0;
				TARGETED_DEVICE_FAMILY = "1,2";
			};
			name = Release;
		};
/* End XCBuildConfiguration section */

/* Begin XCConfigurationList section */
		7D5D34812A54571200737B50 /* Build configuration list for PBXProject "TaxCalculator" */ = {
			isa = XCConfigurationList;
			buildConfigurations = (
				7D5D34922A54571300737B50 /* Debug */,
				7D5D34932A54571300737B50 /* Release */,
			);
			defaultConfigurationIsVisible = 0;
			defaultConfigurationName = Release;
		};
		7D5D34942A54571300737B50 /* Build configuration list for PBXNativeTarget "TaxCalculator" */ = {
			isa = XCConfigurationList;
			buildConfigurations = (
				7D5D34952A54571300737B50 /* Debug */,
				7D5D34962A54571300737B50 /* Release */,
			);
			defaultConfigurationIsVisible = 0;
			defaultConfigurationName = Release;
		};
/* End XCConfigurationList section */
	};
	rootObject = 7D5D347E2A54571200737B50 /* Project object */;
}
